PODS:
  - YYImage (1.0.4):
    - YYImage/Core (= 1.0.4)
  - YYImage/Core (1.0.4)

DEPENDENCIES:
  - YYImage (from `./LocalPods/YYImage`)

EXTERNAL SOURCES:
  YYImage:
    :path: "./LocalPods/YYImage"

SPEC CHECKSUMS:
  YYImage: 6db68da66f20d9f169ceb94dfb9947c3867b9665

PODFILE CHECKSUM: 12d9399f7731c6a7245f61829780dca9b1cb4816

COCOAPODS: 1.16.2
